
Microsoft Visual Studio Solution File, Format Version 12.00
# Visual Studio Version 16
VisualStudioVersion = 16.0.29123.89
MinimumVisualStudioVersion = 10.0.40219.1
Project("{FAE04EC0-301F-11D3-BF4B-00C04F79EFBC}") = "DockerDotnetApi", "DockerDotnetApi\DockerDotnetApi.csproj", "{69F62E63-3863-4D73-9678-147B9869D3ED}"
EndProject
Global
	GlobalSection(SolutionConfigurationPlatforms) = preSolution
		Debug|Any CPU = Debug|Any CPU
		Release|Any CPU = Release|Any CPU
	EndGlobalSection
	GlobalSection(ProjectConfigurationPlatforms) = postSolution
		{69F62E63-3863-4D73-9678-147B9869D3ED}.Debug|Any CPU.ActiveCfg = Debug|Any CPU
		{69F62E63-3863-4D73-9678-147B9869D3ED}.Debug|Any CPU.Build.0 = Debug|Any CPU
		{69F62E63-3863-4D73-9678-147B9869D3ED}.Release|Any CPU.ActiveCfg = Release|Any CPU
		{69F62E63-3863-4D73-9678-147B9869D3ED}.Release|Any CPU.Build.0 = Release|Any CPU
	EndGlobalSection
	GlobalSection(SolutionProperties) = preSolution
		HideSolutionNode = FALSE
	EndGlobalSection
	GlobalSection(ExtensibilityGlobals) = postSolution
		SolutionGuid = {7076B50F-53A6-4B1A-A8BF-BA3E8DBFCFDA}
	EndGlobalSection
EndGlobal
